// !$*UTF8*$!
{
	archiveVersion = 1;
	classes = {
	};
	objectVersion = 56;
	objects = {

/* Begin PBXBuildFile section */
		C568E3E42A68755C00B63F6F /* ArcDrawApp.swift in Sources */ = {isa = PBXBuildFile; fileRef = C568E3E32A68755C00B63F6F /* ArcDrawApp.swift */; };
		C568E3E62A68755C00B63F6F /* ContentView.swift in Sources */ = {isa = PBXBuildFile; fileRef = C568E3E52A68755C00B63F6F /* ContentView.swift */; };
		C568E3E82A68755C00B63F6F /* Assets.xcassets in Resources */ = {isa = PBXBuildFile; fileRef = C568E3E72A68755C00B63F6F /* Assets.xcassets */; };
		C568E3EC2A68755C00B63F6F /* Preview Assets.xcassets in Resources */ = {isa = PBXBuildFile; fileRef = C568E3EB2A68755C00B63F6F /* Preview Assets.xcassets */; };
		C568E3F62A68755D00B63F6F /* ArcDrawTests.swift in Sources */ = {isa = PBXBuildFile; fileRef = C568E3F52A68755D00B63F6F /* ArcDrawTests.swift */; };
		C568E4002A68755D00B63F6F /* ArcDrawUITests.swift in Sources */ = {isa = PBXBuildFile; fileRef = C568E3FF2A68755D00B63F6F /* ArcDrawUITests.swift */; };
		C568E4022A68755D00B63F6F /* ArcDrawUITestsLaunchTests.swift in Sources */ = {isa = PBXBuildFile; fileRef = C568E4012A68755D00B63F6F /* ArcDrawUITestsLaunchTests.swift */; };
/* End PBXBuildFile section */

/* Begin PBXContainerItemProxy section */
		C568E3F22A68755D00B63F6F /* PBXContainerItemProxy */ = {
			isa = PBXContainerItemProxy;
			containerPortal = C568E3D82A68755C00B63F6F /* Project object */;
			proxyType = 1;
			remoteGlobalIDString = C568E3DF2A68755C00B63F6F;
			remoteInfo = ArcDraw;
		};
		C568E3FC2A68755D00B63F6F /* PBXContainerItemProxy */ = {
			isa = PBXContainerItemProxy;
			containerPortal = C568E3D82A68755C00B63F6F /* Project object */;
			proxyType = 1;
			remoteGlobalIDString = C568E3DF2A68755C00B63F6F;
			remoteInfo = ArcDraw;
		};
/* End PBXContainerItemProxy section */

/* Begin PBXFileReference section */
		C568E3E02A68755C00B63F6F /* ArcDraw.app */ = {isa = PBXFileReference; explicitFileType = wrapper.application; includeInIndex = 0; path = ArcDraw.app; sourceTree = BUILT_PRODUCTS_DIR; };
		C568E3E32A68755C00B63F6F /* ArcDrawApp.swift */ = {isa = PBXFileReference; lastKnownFileType = sourcecode.swift; path = ArcDrawApp.swift; sourceTree = "<group>"; };
		C568E3E52A68755C00B63F6F /* ContentView.swift */ = {isa = PBXFileReference; lastKnownFileType = sourcecode.swift; path = ContentView.swift; sourceTree = "<group>"; };
		C568E3E72A68755C00B63F6F /* Assets.xcassets */ = {isa = PBXFileReference; lastKnownFileType = folder.assetcatalog; path = Assets.xcassets; sourceTree = "<group>"; };
		C568E3E92A68755C00B63F6F /* ArcDraw.entitlements */ = {isa = PBXFileReference; lastKnownFileType = text.plist.entitlements; path = ArcDraw.entitlements; sourceTree = "<group>"; };
		C568E3EB2A68755C00B63F6F /* Preview Assets.xcassets */ = {isa = PBXFileReference; lastKnownFileType = folder.assetcatalog; path = "Preview Assets.xcassets"; sourceTree = "<group>"; };
		C568E3F12A68755D00B63F6F /* ArcDrawTests.xctest */ = {isa = PBXFileReference; explicitFileType = wrapper.cfbundle; includeInIndex = 0; path = ArcDrawTests.xctest; sourceTree = BUILT_PRODUCTS_DIR; };
		C568E3F52A68755D00B63F6F /* ArcDrawTests.swift */ = {isa = PBXFileReference; lastKnownFileType = sourcecode.swift; path = ArcDrawTests.swift; sourceTree = "<group>"; };
		C568E3FB2A68755D00B63F6F /* ArcDrawUITests.xctest */ = {isa = PBXFileReference; explicitFileType = wrapper.cfbundle; includeInIndex = 0; path = ArcDrawUITests.xctest; sourceTree = BUILT_PRODUCTS_DIR; };
		C568E3FF2A68755D00B63F6F /* ArcDrawUITests.swift */ = {isa = PBXFileReference; lastKnownFileType = sourcecode.swift; path = ArcDrawUITests.swift; sourceTree = "<group>"; };
		C568E4012A68755D00B63F6F /* ArcDrawUITestsLaunchTests.swift */ = {isa = PBXFileReference; lastKnownFileType = sourcecode.swift; path = ArcDrawUITestsLaunchTests.swift; sourceTree = "<group>"; };
/* End PBXFileReference section */

/* Begin PBXFrameworksBuildPhase section */
		C568E3DD2A68755C00B63F6F /* Frameworks */ = {
			isa = PBXFrameworksBuildPhase;
			buildActionMask = 2147483647;
			files = (
			);
			runOnlyForDeploymentPostprocessing = 0;
		};
		C568E3EE2A68755D00B63F6F /* Frameworks */ = {
			isa = PBXFrameworksBuildPhase;
			buildActionMask = 2147483647;
			files = (
			);
			runOnlyForDeploymentPostprocessing = 0;
		};
		C568E3F82A68755D00B63F6F /* Frameworks */ = {
			isa = PBXFrameworksBuildPhase;
			buildActionMask = 2147483647;
			files = (
			);
			runOnlyForDeploymentPostprocessing = 0;
		};
/* End PBXFrameworksBuildPhase section */

/* Begin PBXGroup section */
		C568E3D72A68755C00B63F6F = {
			isa = PBXGroup;
			children = (
				C568E3E22A68755C00B63F6F /* ArcDraw */,
				C568E3F42A68755D00B63F6F /* ArcDrawTests */,
				C568E3FE2A68755D00B63F6F /* ArcDrawUITests */,
				C568E3E12A68755C00B63F6F /* Products */,
			);
			sourceTree = "<group>";
		};
		C568E3E12A68755C00B63F6F /* Products */ = {
			isa = PBXGroup;
			children = (
				C568E3E02A68755C00B63F6F /* ArcDraw.app */,
				C568E3F12A68755D00B63F6F /* ArcDrawTests.xctest */,
				C568E3FB2A68755D00B63F6F /* ArcDrawUITests.xctest */,
			);
			name = Products;
			sourceTree = "<group>";
		};
		C568E3E22A68755C00B63F6F /* ArcDraw */ = {
			isa = PBXGroup;
			children = (
				C568E3E32A68755C00B63F6F /* ArcDrawApp.swift */,
				C568E3E52A68755C00B63F6F /* ContentView.swift */,
				C568E3E72A68755C00B63F6F /* Assets.xcassets */,
				C568E3E92A68755C00B63F6F /* ArcDraw.entitlements */,
				C568E3EA2A68755C00B63F6F /* Preview Content */,
			);
			path = ArcDraw;
			sourceTree = "<group>";
		};
		C568E3EA2A68755C00B63F6F /* Preview Content */ = {
			isa = PBXGroup;
			children = (
				C568E3EB2A68755C00B63F6F /* Preview Assets.xcassets */,
			);
			path = "Preview Content";
			sourceTree = "<group>";
		};
		C568E3F42A68755D00B63F6F /* ArcDrawTests */ = {
			isa = PBXGroup;
			children = (
				C568E3F52A68755D00B63F6F /* ArcDrawTests.swift */,
			);
			path = ArcDrawTests;
			sourceTree = "<group>";
		};
		C568E3FE2A68755D00B63F6F /* ArcDrawUITests */ = {
			isa = PBXGroup;
			children = (
				C568E3FF2A68755D00B63F6F /* ArcDrawUITests.swift */,
				C568E4012A68755D00B63F6F /* ArcDrawUITestsLaunchTests.swift */,
			);
			path = ArcDrawUITests;
			sourceTree = "<group>";
		};
/* End PBXGroup section */

/* Begin PBXNativeTarget section */
		C568E3DF2A68755C00B63F6F /* ArcDraw */ = {
			isa = PBXNativeTarget;
			buildConfigurationList = C568E4052A68755D00B63F6F /* Build configuration list for PBXNativeTarget "ArcDraw" */;
			buildPhases = (
				C568E3DC2A68755C00B63F6F /* Sources */,
				C568E3DD2A68755C00B63F6F /* Frameworks */,
				C568E3DE2A68755C00B63F6F /* Resources */,
			);
			buildRules = (
			);
			dependencies = (
			);
			name = ArcDraw;
			productName = ArcDraw;
			productReference = C568E3E02A68755C00B63F6F /* ArcDraw.app */;
			productType = "com.apple.product-type.application";
		};
		C568E3F02A68755D00B63F6F /* ArcDrawTests */ = {
			isa = PBXNativeTarget;
			buildConfigurationList = C568E4082A68755D00B63F6F /* Build configuration list for PBXNativeTarget "ArcDrawTests" */;
			buildPhases = (
				C568E3ED2A68755D00B63F6F /* Sources */,
				C568E3EE2A68755D00B63F6F /* Frameworks */,
				C568E3EF2A68755D00B63F6F /* Resources */,
			);
			buildRules = (
			);
			dependencies = (
				C568E3F32A68755D00B63F6F /* PBXTargetDependency */,
			);
			name = ArcDrawTests;
			productName = ArcDrawTests;
			productReference = C568E3F12A68755D00B63F6F /* ArcDrawTests.xctest */;
			productType = "com.apple.product-type.bundle.unit-test";
		};
		C568E3FA2A68755D00B63F6F /* ArcDrawUITests */ = {
			isa = PBXNativeTarget;
			buildConfigurationList = C568E40B2A68755D00B63F6F /* Build configuration list for PBXNativeTarget "ArcDrawUITests" */;
			buildPhases = (
				C568E3F72A68755D00B63F6F /* Sources */,
				C568E3F82A68755D00B63F6F /* Frameworks */,
				C568E3F92A68755D00B63F6F /* Resources */,
			);
			buildRules = (
			);
			dependencies = (
				C568E3FD2A68755D00B63F6F /* PBXTargetDependency */,
			);
			name = ArcDrawUITests;
			productName = ArcDrawUITests;
			productReference = C568E3FB2A68755D00B63F6F /* ArcDrawUITests.xctest */;
			productType = "com.apple.product-type.bundle.ui-testing";
		};
/* End PBXNativeTarget section */

/* Begin PBXProject section */
		C568E3D82A68755C00B63F6F /* Project object */ = {
			isa = PBXProject;
			attributes = {
				BuildIndependentTargetsInParallel = 1;
				LastSwiftUpdateCheck = 1430;
				LastUpgradeCheck = 1430;
				TargetAttributes = {
					C568E3DF2A68755C00B63F6F = {
						CreatedOnToolsVersion = 14.3.1;
					};
					C568E3F02A68755D00B63F6F = {
						CreatedOnToolsVersion = 14.3.1;
						TestTargetID = C568E3DF2A68755C00B63F6F;
					};
					C568E3FA2A68755D00B63F6F = {
						CreatedOnToolsVersion = 14.3.1;
						TestTargetID = C568E3DF2A68755C00B63F6F;
					};
				};
			};
			buildConfigurationList = C568E3DB2A68755C00B63F6F /* Build configuration list for PBXProject "ArcDraw" */;
			compatibilityVersion = "Xcode 14.0";
			developmentRegion = en;
			hasScannedForEncodings = 0;
			knownRegions = (
				en,
				Base,
			);
			mainGroup = C568E3D72A68755C00B63F6F;
			productRefGroup = C568E3E12A68755C00B63F6F /* Products */;
			projectDirPath = "";
			projectRoot = "";
			targets = (
				C568E3DF2A68755C00B63F6F /* ArcDraw */,
				C568E3F02A68755D00B63F6F /* ArcDrawTests */,
				C568E3FA2A68755D00B63F6F /* ArcDrawUITests */,
			);
		};
/* End PBXProject section */

/* Begin PBXResourcesBuildPhase section */
		C568E3DE2A68755C00B63F6F /* Resources */ = {
			isa = PBXResourcesBuildPhase;
			buildActionMask = 2147483647;
			files = (
				C568E3EC2A68755C00B63F6F /* Preview Assets.xcassets in Resources */,
				C568E3E82A68755C00B63F6F /* Assets.xcassets in Resources */,
			);
			runOnlyForDeploymentPostprocessing = 0;
		};
		C568E3EF2A68755D00B63F6F /* Resources */ = {
			isa = PBXResourcesBuildPhase;
			buildActionMask = 2147483647;
			files = (
			);
			runOnlyForDeploymentPostprocessing = 0;
		};
		C568E3F92A68755D00B63F6F /* Resources */ = {
			isa = PBXResourcesBuildPhase;
			buildActionMask = 2147483647;
			files = (
			);
			runOnlyForDeploymentPostprocessing = 0;
		};
/* End PBXResourcesBuildPhase section */

/* Begin PBXSourcesBuildPhase section */
		C568E3DC2A68755C00B63F6F /* Sources */ = {
			isa = PBXSourcesBuildPhase;
			buildActionMask = 2147483647;
			files = (
				C568E3E62A68755C00B63F6F /* ContentView.swift in Sources */,
				C568E3E42A68755C00B63F6F /* ArcDrawApp.swift in Sources */,
			);
			runOnlyForDeploymentPostprocessing = 0;
		};
		C568E3ED2A68755D00B63F6F /* Sources */ = {
			isa = PBXSourcesBuildPhase;
			buildActionMask = 2147483647;
			files = (
				C568E3F62A68755D00B63F6F /* ArcDrawTests.swift in Sources */,
			);
			runOnlyForDeploymentPostprocessing = 0;
		};
		C568E3F72A68755D00B63F6F /* Sources */ = {
			isa = PBXSourcesBuildPhase;
			buildActionMask = 2147483647;
			files = (
				C568E4002A68755D00B63F6F /* ArcDrawUITests.swift in Sources */,
				C568E4022A68755D00B63F6F /* ArcDrawUITestsLaunchTests.swift in Sources */,
			);
			runOnlyForDeploymentPostprocessing = 0;
		};
/* End PBXSourcesBuildPhase section */

/* Begin PBXTargetDependency section */
		C568E3F32A68755D00B63F6F /* PBXTargetDependency */ = {
			isa = PBXTargetDependency;
			target = C568E3DF2A68755C00B63F6F /* ArcDraw */;
			targetProxy = C568E3F22A68755D00B63F6F /* PBXContainerItemProxy */;
		};
		C568E3FD2A68755D00B63F6F /* PBXTargetDependency */ = {
			isa = PBXTargetDependency;
			target = C568E3DF2A68755C00B63F6F /* ArcDraw */;
			targetProxy = C568E3FC2A68755D00B63F6F /* PBXContainerItemProxy */;
		};
/* End PBXTargetDependency section */

/* Begin XCBuildConfiguration section */
		C568E4032A68755D00B63F6F /* Debug */ = {
			isa = XCBuildConfiguration;
			buildSettings = {
				ALWAYS_SEARCH_USER_PATHS = NO;
				CLANG_ANALYZER_NONNULL = YES;
				CLANG_ANALYZER_NUMBER_OBJECT_CONVERSION = YES_AGGRESSIVE;
				CLANG_CXX_LANGUAGE_STANDARD = "gnu++20";
				CLANG_ENABLE_MODULES = YES;
				CLANG_ENABLE_OBJC_ARC = YES;
				CLANG_ENABLE_OBJC_WEAK = YES;
				CLANG_WARN_BLOCK_CAPTURE_AUTORELEASING = YES;
				CLANG_WARN_BOOL_CONVERSION = YES;
				CLANG_WARN_COMMA = YES;
				CLANG_WARN_CONSTANT_CONVERSION = YES;
				CLANG_WARN_DEPRECATED_OBJC_IMPLEMENTATIONS = YES;
				CLANG_WARN_DIRECT_OBJC_ISA_USAGE = YES_ERROR;
				CLANG_WARN_DOCUMENTATION_COMMENTS = YES;
				CLANG_WARN_EMPTY_BODY = YES;
				CLANG_WARN_ENUM_CONVERSION = YES;
				CLANG_WARN_INFINITE_RECURSION = YES;
				CLANG_WARN_INT_CONVERSION = YES;
				CLANG_WARN_NON_LITERAL_NULL_CONVERSION = YES;
				CLANG_WARN_OBJC_IMPLICIT_RETAIN_SELF = YES;
				CLANG_WARN_OBJC_LITERAL_CONVERSION = YES;
				CLANG_WARN_OBJC_ROOT_CLASS = YES_ERROR;
				CLANG_WARN_QUOTED_INCLUDE_IN_FRAMEWORK_HEADER = YES;
				CLANG_WARN_RANGE_LOOP_ANALYSIS = YES;
				CLANG_WARN_STRICT_PROTOTYPES = YES;
				CLANG_WARN_SUSPICIOUS_MOVE = YES;
				CLANG_WARN_UNGUARDED_AVAILABILITY = YES_AGGRESSIVE;
				CLANG_WARN_UNREACHABLE_CODE = YES;
				CLANG_WARN__DUPLICATE_METHOD_MATCH = YES;
				COPY_PHASE_STRIP = NO;
				DEBUG_INFORMATION_FORMAT = dwarf;
				ENABLE_STRICT_OBJC_MSGSEND = YES;
				ENABLE_TESTABILITY = YES;
				GCC_C_LANGUAGE_STANDARD = gnu11;
				GCC_DYNAMIC_NO_PIC = NO;
				GCC_NO_COMMON_BLOCKS = YES;
				GCC_OPTIMIZATION_LEVEL = 0;
				GCC_PREPROCESSOR_DEFINITIONS = (
					"DEBUG=1",
					"$(inherited)",
				);
				GCC_WARN_64_TO_32_BIT_CONVERSION = YES;
				GCC_WARN_ABOUT_RETURN_TYPE = YES_ERROR;
				GCC_WARN_UNDECLARED_SELECTOR = YES;
				GCC_WARN_UNINITIALIZED_AUTOS = YES_AGGRESSIVE;
				GCC_WARN_UNUSED_FUNCTION = YES;
				GCC_WARN_UNUSED_VARIABLE = YES;
				MTL_ENABLE_DEBUG_INFO = INCLUDE_SOURCE;
				MTL_FAST_MATH = YES;
				ONLY_ACTIVE_ARCH = YES;
				SWIFT_ACTIVE_COMPILATION_CONDITIONS = DEBUG;
				SWIFT_OPTIMIZATION_LEVEL = "-Onone";
			};
			name = Debug;
		};
		C568E4042A68755D00B63F6F /* Release */ = {
			isa = XCBuildConfiguration;
			buildSettings = {
				ALWAYS_SEARCH_USER_PATHS = NO;
				CLANG_ANALYZER_NONNULL = YES;
				CLANG_ANALYZER_NUMBER_OBJECT_CONVERSION = YES_AGGRESSIVE;
				CLANG_CXX_LANGUAGE_STANDARD = "gnu++20";
				CLANG_ENABLE_MODULES = YES;
				CLANG_ENABLE_OBJC_ARC = YES;
				CLANG_ENABLE_OBJC_WEAK = YES;
				CLANG_WARN_BLOCK_CAPTURE_AUTORELEASING = YES;
				CLANG_WARN_BOOL_CONVERSION = YES;
				CLANG_WARN_COMMA = YES;
				CLANG_WARN_CONSTANT_CONVERSION = YES;
				CLANG_WARN_DEPRECATED_OBJC_IMPLEMENTATIONS = YES;
				CLANG_WARN_DIRECT_OBJC_ISA_USAGE = YES_ERROR;
				CLANG_WARN_DOCUMENTATION_COMMENTS = YES;
				CLANG_WARN_EMPTY_BODY = YES;
				CLANG_WARN_ENUM_CONVERSION = YES;
				CLANG_WARN_INFINITE_RECURSION = YES;
				CLANG_WARN_INT_CONVERSION = YES;
				CLANG_WARN_NON_LITERAL_NULL_CONVERSION = YES;
				CLANG_WARN_OBJC_IMPLICIT_RETAIN_SELF = YES;
				CLANG_WARN_OBJC_LITERAL_CONVERSION = YES;
				CLANG_WARN_OBJC_ROOT_CLASS = YES_ERROR;
				CLANG_WARN_QUOTED_INCLUDE_IN_FRAMEWORK_HEADER = YES;
				CLANG_WARN_RANGE_LOOP_ANALYSIS = YES;
				CLANG_WARN_STRICT_PROTOTYPES = YES;
				CLANG_WARN_SUSPICIOUS_MOVE = YES;
				CLANG_WARN_UNGUARDED_AVAILABILITY = YES_AGGRESSIVE;
				CLANG_WARN_UNREACHABLE_CODE = YES;
				CLANG_WARN__DUPLICATE_METHOD_MATCH = YES;
				COPY_PHASE_STRIP = NO;
				DEBUG_INFORMATION_FORMAT = "dwarf-with-dsym";
				ENABLE_NS_ASSERTIONS = NO;
				ENABLE_STRICT_OBJC_MSGSEND = YES;
				GCC_C_LANGUAGE_STANDARD = gnu11;
				GCC_NO_COMMON_BLOCKS = YES;
				GCC_WARN_64_TO_32_BIT_CONVERSION = YES;
				GCC_WARN_ABOUT_RETURN_TYPE = YES_ERROR;
				GCC_WARN_UNDECLARED_SELECTOR = YES;
				GCC_WARN_UNINITIALIZED_AUTOS = YES_AGGRESSIVE;
				GCC_WARN_UNUSED_FUNCTION = YES;
				GCC_WARN_UNUSED_VARIABLE = YES;
				MTL_ENABLE_DEBUG_INFO = NO;
				MTL_FAST_MATH = YES;
				SWIFT_COMPILATION_MODE = wholemodule;
				SWIFT_OPTIMIZATION_LEVEL = "-O";
			};
			name = Release;
		};
		C568E4062A68755D00B63F6F /* Debug */ = {
			isa = XCBuildConfiguration;
			buildSettings = {
				ASSETCATALOG_COMPILER_APPICON_NAME = AppIcon;
				ASSETCATALOG_COMPILER_GLOBAL_ACCENT_COLOR_NAME = AccentColor;
				CODE_SIGN_ENTITLEMENTS = ArcDraw/ArcDraw.entitlements;
				CODE_SIGN_STYLE = Automatic;
				CURRENT_PROJECT_VERSION = 1;
				DEVELOPMENT_ASSET_PATHS = "\"ArcDraw/Preview Content\"";
				DEVELOPMENT_TEAM = L3C8KXQ7DP;
				ENABLE_HARDENED_RUNTIME = YES;
				ENABLE_PREVIEWS = YES;
				GENERATE_INFOPLIST_FILE = YES;
				"INFOPLIST_KEY_UIApplicationSceneManifest_Generation[sdk=iphoneos*]" = YES;
				"INFOPLIST_KEY_UIApplicationSceneManifest_Generation[sdk=iphonesimulator*]" = YES;
				"INFOPLIST_KEY_UIApplicationSupportsIndirectInputEvents[sdk=iphoneos*]" = YES;
				"INFOPLIST_KEY_UIApplicationSupportsIndirectInputEvents[sdk=iphonesimulator*]" = YES;
				"INFOPLIST_KEY_UILaunchScreen_Generation[sdk=iphoneos*]" = YES;
				"INFOPLIST_KEY_UILaunchScreen_Generation[sdk=iphonesimulator*]" = YES;
				"INFOPLIST_KEY_UIStatusBarStyle[sdk=iphoneos*]" = UIStatusBarStyleDefault;
				"INFOPLIST_KEY_UIStatusBarStyle[sdk=iphonesimulator*]" = UIStatusBarStyleDefault;
				INFOPLIST_KEY_UISupportedInterfaceOrientations_iPad = "UIInterfaceOrientationPortrait UIInterfaceOrientationPortraitUpsideDown UIInterfaceOrientationLandscapeLeft UIInterfaceOrientationLandscapeRight";
				INFOPLIST_KEY_UISupportedInterfaceOrientations_iPhone = "UIInterfaceOrientationPortrait UIInterfaceOrientationLandscapeLeft UIInterfaceOrientationLandscapeRight";
				IPHONEOS_DEPLOYMENT_TARGET = 16.4;
				LD_RUNPATH_SEARCH_PATHS = "@executable_path/Frameworks";
				"LD_RUNPATH_SEARCH_PATHS[sdk=macosx*]" = "@executable_path/../Frameworks";
				MACOSX_DEPLOYMENT_TARGET = 13.3;
				MARKETING_VERSION = 1.0;
				PRODUCT_BUNDLE_IDENTIFIER = "Bruce-Johnson.ArcDraw";
				PRODUCT_NAME = "$(TARGET_NAME)";
				SDKROOT = auto;
				SUPPORTED_PLATFORMS = "iphoneos iphonesimulator macosx";
				SWIFT_EMIT_LOC_STRINGS = YES;
				SWIFT_VERSION = 5.0;
				TARGETED_DEVICE_FAMILY = "1,2";
			};
			name = Debug;
		};
		C568E4072A68755D00B63F6F /* Release */ = {
			isa = XCBuildConfiguration;
			buildSettings = {
				ASSETCATALOG_COMPILER_APPICON_NAME = AppIcon;
				ASSETCATALOG_COMPILER_GLOBAL_ACCENT_COLOR_NAME = AccentColor;
				CODE_SIGN_ENTITLEMENTS = ArcDraw/ArcDraw.entitlements;
				CODE_SIGN_STYLE = Automatic;
				CURRENT_PROJECT_VERSION = 1;
				DEVELOPMENT_ASSET_PATHS = "\"ArcDraw/Preview Content\"";
				DEVELOPMENT_TEAM = L3C8KXQ7DP;
				ENABLE_HARDENED_RUNTIME = YES;
				ENABLE_PREVIEWS = YES;
				GENERATE_INFOPLIST_FILE = YES;
				"INFOPLIST_KEY_UIApplicationSceneManifest_Generation[sdk=iphoneos*]" = YES;
				"INFOPLIST_KEY_UIApplicationSceneManifest_Generation[sdk=iphonesimulator*]" = YES;
				"INFOPLIST_KEY_UIApplicationSupportsIndirectInputEvents[sdk=iphoneos*]" = YES;
				"INFOPLIST_KEY_UIApplicationSupportsIndirectInputEvents[sdk=iphonesimulator*]" = YES;
				"INFOPLIST_KEY_UILaunchScreen_Generation[sdk=iphoneos*]" = YES;
				"INFOPLIST_KEY_UILaunchScreen_Generation[sdk=iphonesimulator*]" = YES;
				"INFOPLIST_KEY_UIStatusBarStyle[sdk=iphoneos*]" = UIStatusBarStyleDefault;
				"INFOPLIST_KEY_UIStatusBarStyle[sdk=iphonesimulator*]" = UIStatusBarStyleDefault;
				INFOPLIST_KEY_UISupportedInterfaceOrientations_iPad = "UIInterfaceOrientationPortrait UIInterfaceOrientationPortraitUpsideDown UIInterfaceOrientationLandscapeLeft UIInterfaceOrientationLandscapeRight";
				INFOPLIST_KEY_UISupportedInterfaceOrientations_iPhone = "UIInterfaceOrientationPortrait UIInterfaceOrientationLandscapeLeft UIInterfaceOrientationLandscapeRight";
				IPHONEOS_DEPLOYMENT_TARGET = 16.4;
				LD_RUNPATH_SEARCH_PATHS = "@executable_path/Frameworks";
				"LD_RUNPATH_SEARCH_PATHS[sdk=macosx*]" = "@executable_path/../Frameworks";
				MACOSX_DEPLOYMENT_TARGET = 13.3;
				MARKETING_VERSION = 1.0;
				PRODUCT_BUNDLE_IDENTIFIER = "Bruce-Johnson.ArcDraw";
				PRODUCT_NAME = "$(TARGET_NAME)";
				SDKROOT = auto;
				SUPPORTED_PLATFORMS = "iphoneos iphonesimulator macosx";
				SWIFT_EMIT_LOC_STRINGS = YES;
				SWIFT_VERSION = 5.0;
				TARGETED_DEVICE_FAMILY = "1,2";
			};
			name = Release;
		};
		C568E4092A68755D00B63F6F /* Debug */ = {
			isa = XCBuildConfiguration;
			buildSettings = {
				ALWAYS_EMBED_SWIFT_STANDARD_LIBRARIES = YES;
				BUNDLE_LOADER = "$(TEST_HOST)";
				CODE_SIGN_STYLE = Automatic;
				CURRENT_PROJECT_VERSION = 1;
				DEVELOPMENT_TEAM = L3C8KXQ7DP;
				GENERATE_INFOPLIST_FILE = YES;
				IPHONEOS_DEPLOYMENT_TARGET = 16.4;
				MACOSX_DEPLOYMENT_TARGET = 13.3;
				MARKETING_VERSION = 1.0;
				PRODUCT_BUNDLE_IDENTIFIER = "Bruce-Johnson.ArcDrawTests";
				PRODUCT_NAME = "$(TARGET_NAME)";
				SDKROOT = auto;
				SUPPORTED_PLATFORMS = "iphoneos iphonesimulator macosx";
				SWIFT_EMIT_LOC_STRINGS = NO;
				SWIFT_VERSION = 5.0;
				TARGETED_DEVICE_FAMILY = "1,2";
				TEST_HOST = "$(BUILT_PRODUCTS_DIR)/ArcDraw.app/$(BUNDLE_EXECUTABLE_FOLDER_PATH)/ArcDraw";
			};
			name = Debug;
		};
		C568E40A2A68755D00B63F6F /* Release */ = {
			isa = XCBuildConfiguration;
			buildSettings = {
				ALWAYS_EMBED_SWIFT_STANDARD_LIBRARIES = YES;
				BUNDLE_LOADER = "$(TEST_HOST)";
				CODE_SIGN_STYLE = Automatic;
				CURRENT_PROJECT_VERSION = 1;
				DEVELOPMENT_TEAM = L3C8KXQ7DP;
				GENERATE_INFOPLIST_FILE = YES;
				IPHONEOS_DEPLOYMENT_TARGET = 16.4;
				MACOSX_DEPLOYMENT_TARGET = 13.3;
				MARKETING_VERSION = 1.0;
				PRODUCT_BUNDLE_IDENTIFIER = "Bruce-Johnson.ArcDrawTests";
				PRODUCT_NAME = "$(TARGET_NAME)";
				SDKROOT = auto;
				SUPPORTED_PLATFORMS = "iphoneos iphonesimulator macosx";
				SWIFT_EMIT_LOC_STRINGS = NO;
				SWIFT_VERSION = 5.0;
				TARGETED_DEVICE_FAMILY = "1,2";
				TEST_HOST = "$(BUILT_PRODUCTS_DIR)/ArcDraw.app/$(BUNDLE_EXECUTABLE_FOLDER_PATH)/ArcDraw";
			};
			name = Release;
		};
		C568E40C2A68755D00B63F6F /* Debug */ = {
			isa = XCBuildConfiguration;
			buildSettings = {
				ALWAYS_EMBED_SWIFT_STANDARD_LIBRARIES = YES;
				CODE_SIGN_STYLE = Automatic;
				CURRENT_PROJECT_VERSION = 1;
				DEVELOPMENT_TEAM = L3C8KXQ7DP;
				GENERATE_INFOPLIST_FILE = YES;
				IPHONEOS_DEPLOYMENT_TARGET = 16.4;
				MACOSX_DEPLOYMENT_TARGET = 13.3;
				MARKETING_VERSION = 1.0;
				PRODUCT_BUNDLE_IDENTIFIER = "Bruce-Johnson.ArcDrawUITests";
				PRODUCT_NAME = "$(TARGET_NAME)";
				SDKROOT = auto;
				SUPPORTED_PLATFORMS = "iphoneos iphonesimulator macosx";
				SWIFT_EMIT_LOC_STRINGS = NO;
				SWIFT_VERSION = 5.0;
				TARGETED_DEVICE_FAMILY = "1,2";
				TEST_TARGET_NAME = ArcDraw;
			};
			name = Debug;
		};
		C568E40D2A68755D00B63F6F /* Release */ = {
			isa = XCBuildConfiguration;
			buildSettings = {
				ALWAYS_EMBED_SWIFT_STANDARD_LIBRARIES = YES;
				CODE_SIGN_STYLE = Automatic;
				CURRENT_PROJECT_VERSION = 1;
				DEVELOPMENT_TEAM = L3C8KXQ7DP;
				GENERATE_INFOPLIST_FILE = YES;
				IPHONEOS_DEPLOYMENT_TARGET = 16.4;
				MACOSX_DEPLOYMENT_TARGET = 13.3;
				MARKETING_VERSION = 1.0;
				PRODUCT_BUNDLE_IDENTIFIER = "Bruce-Johnson.ArcDrawUITests";
				PRODUCT_NAME = "$(TARGET_NAME)";
				SDKROOT = auto;
				SUPPORTED_PLATFORMS = "iphoneos iphonesimulator macosx";
				SWIFT_EMIT_LOC_STRINGS = NO;
				SWIFT_VERSION = 5.0;
				TARGETED_DEVICE_FAMILY = "1,2";
				TEST_TARGET_NAME = ArcDraw;
			};
			name = Release;
		};
/* End XCBuildConfiguration section */

/* Begin XCConfigurationList section */
		C568E3DB2A68755C00B63F6F /* Build configuration list for PBXProject "ArcDraw" */ = {
			isa = XCConfigurationList;
			buildConfigurations = (
				C568E4032A68755D00B63F6F /* Debug */,
				C568E4042A68755D00B63F6F /* Release */,
			);
			defaultConfigurationIsVisible = 0;
			defaultConfigurationName = Release;
		};
		C568E4052A68755D00B63F6F /* Build configuration list for PBXNativeTarget "ArcDraw" */ = {
			isa = XCConfigurationList;
			buildConfigurations = (
				C568E4062A68755D00B63F6F /* Debug */,
				C568E4072A68755D00B63F6F /* Release */,
			);
			defaultConfigurationIsVisible = 0;
			defaultConfigurationName = Release;
		};
		C568E4082A68755D00B63F6F /* Build configuration list for PBXNativeTarget "ArcDrawTests" */ = {
			isa = XCConfigurationList;
			buildConfigurations = (
				C568E4092A68755D00B63F6F /* Debug */,
				C568E40A2A68755D00B63F6F /* Release */,
			);
			defaultConfigurationIsVisible = 0;
			defaultConfigurationName = Release;
		};
		C568E40B2A68755D00B63F6F /* Build configuration list for PBXNativeTarget "ArcDrawUITests" */ = {
			isa = XCConfigurationList;
			buildConfigurations = (
				C568E40C2A68755D00B63F6F /* Debug */,
				C568E40D2A68755D00B63F6F /* Release */,
			);
			defaultConfigurationIsVisible = 0;
			defaultConfigurationName = Release;
		};
/* End XCConfigurationList section */
	};
	rootObject = C568E3D82A68755C00B63F6F /* Project object */;
}
