// !$*UTF8*$!
{
	archiveVersion = 1;
	classes = {
	};
	objectVersion = 56;
	objects = {

/* Begin PBXBuildFile section */
		885A8A4B2A9A8D790028E8BF /* README.md in Resources */ = {isa = PBXBuildFile; fileRef = 885A8A452A9A8D790028E8BF /* README.md */; };
		885A8A4C2A9A8D790028E8BF /* DEV_NOTES.md in Resources */ = {isa = PBXBuildFile; fileRef = 885A8A462A9A8D790028E8BF /* DEV_NOTES.md */; };
		885A8A4D2A9A8D790028E8BF /* Assets.xcassets in Resources */ = {isa = PBXBuildFile; fileRef = 885A8A472A9A8D790028E8BF /* Assets.xcassets */; };
		885A8A4E2A9A8D790028E8BF /* ArcDrawApp.swift in Sources */ = {isa = PBXBuildFile; fileRef = 885A8A492A9A8D790028E8BF /* ArcDrawApp.swift */; };
		885A8A4F2A9A8D790028E8BF /* ContentView.swift in Sources */ = {isa = PBXBuildFile; fileRef = 885A8A4A2A9A8D790028E8BF /* ContentView.swift */; };
		885A8A592A9A8F9C0028E8BF /* WelcomeHeaderView.swift in Sources */ = {isa = PBXBuildFile; fileRef = 885A8A532A9A8F9B0028E8BF /* WelcomeHeaderView.swift */; };
		885A8A5A2A9A8F9C0028E8BF /* WelcomeMainView.swift in Sources */ = {isa = PBXBuildFile; fileRef = 885A8A542A9A8F9B0028E8BF /* WelcomeMainView.swift */; };
		885A8A5B2A9A8F9C0028E8BF /* WelcomeView.swift in Sources */ = {isa = PBXBuildFile; fileRef = 885A8A552A9A8F9B0028E8BF /* WelcomeView.swift */; };
		885A8A5C2A9A8F9C0028E8BF /* WelcomeMainImageView.swift in Sources */ = {isa = PBXBuildFile; fileRef = 885A8A562A9A8F9B0028E8BF /* WelcomeMainImageView.swift */; };
		885A8A5E2A9A8F9C0028E8BF /* WelcomeMainInformationView.swift in Sources */ = {isa = PBXBuildFile; fileRef = 885A8A582A9A8F9C0028E8BF /* WelcomeMainInformationView.swift */; };
		885A8A602A9A8FE80028E8BF /* ArcDrawApp+Menu.swift in Sources */ = {isa = PBXBuildFile; fileRef = 885A8A5F2A9A8FE80028E8BF /* ArcDrawApp+Menu.swift */; };
		885A8A622A9A91CB0028E8BF /* WelcomeWindowController.swift in Sources */ = {isa = PBXBuildFile; fileRef = 885A8A612A9A91CB0028E8BF /* WelcomeWindowController.swift */; };
		885A8A652A9A927C0028E8BF /* PictureDefinition.swift in Sources */ = {isa = PBXBuildFile; fileRef = 885A8A632A9A927C0028E8BF /* PictureDefinition.swift */; };
		885A8A662A9A927C0028E8BF /* ArcDrawDocument.swift in Sources */ = {isa = PBXBuildFile; fileRef = 885A8A642A9A927C0028E8BF /* ArcDrawDocument.swift */; };
/* End PBXBuildFile section */

/* Begin PBXFileReference section */
		885A8A452A9A8D790028E8BF /* README.md */ = {isa = PBXFileReference; fileEncoding = 4; lastKnownFileType = net.daringfireball.markdown; path = README.md; sourceTree = "<group>"; };
		885A8A462A9A8D790028E8BF /* DEV_NOTES.md */ = {isa = PBXFileReference; fileEncoding = 4; lastKnownFileType = net.daringfireball.markdown; path = DEV_NOTES.md; sourceTree = "<group>"; };
		885A8A472A9A8D790028E8BF /* Assets.xcassets */ = {isa = PBXFileReference; lastKnownFileType = folder.assetcatalog; path = Assets.xcassets; sourceTree = "<group>"; };
		885A8A492A9A8D790028E8BF /* ArcDrawApp.swift */ = {isa = PBXFileReference; fileEncoding = 4; lastKnownFileType = sourcecode.swift; path = ArcDrawApp.swift; sourceTree = "<group>"; };
		885A8A4A2A9A8D790028E8BF /* ContentView.swift */ = {isa = PBXFileReference; fileEncoding = 4; lastKnownFileType = sourcecode.swift; path = ContentView.swift; sourceTree = "<group>"; };
		885A8A532A9A8F9B0028E8BF /* WelcomeHeaderView.swift */ = {isa = PBXFileReference; fileEncoding = 4; lastKnownFileType = sourcecode.swift; path = WelcomeHeaderView.swift; sourceTree = "<group>"; };
		885A8A542A9A8F9B0028E8BF /* WelcomeMainView.swift */ = {isa = PBXFileReference; fileEncoding = 4; lastKnownFileType = sourcecode.swift; path = WelcomeMainView.swift; sourceTree = "<group>"; };
		885A8A552A9A8F9B0028E8BF /* WelcomeView.swift */ = {isa = PBXFileReference; fileEncoding = 4; lastKnownFileType = sourcecode.swift; path = WelcomeView.swift; sourceTree = "<group>"; };
		885A8A562A9A8F9B0028E8BF /* WelcomeMainImageView.swift */ = {isa = PBXFileReference; fileEncoding = 4; lastKnownFileType = sourcecode.swift; path = WelcomeMainImageView.swift; sourceTree = "<group>"; };
		885A8A582A9A8F9C0028E8BF /* WelcomeMainInformationView.swift */ = {isa = PBXFileReference; fileEncoding = 4; lastKnownFileType = sourcecode.swift; path = WelcomeMainInformationView.swift; sourceTree = "<group>"; };
		885A8A5F2A9A8FE80028E8BF /* ArcDrawApp+Menu.swift */ = {isa = PBXFileReference; fileEncoding = 4; lastKnownFileType = sourcecode.swift; path = "ArcDrawApp+Menu.swift"; sourceTree = "<group>"; };
		885A8A612A9A91CB0028E8BF /* WelcomeWindowController.swift */ = {isa = PBXFileReference; fileEncoding = 4; lastKnownFileType = sourcecode.swift; path = WelcomeWindowController.swift; sourceTree = "<group>"; };
		885A8A632A9A927C0028E8BF /* PictureDefinition.swift */ = {isa = PBXFileReference; fileEncoding = 4; lastKnownFileType = sourcecode.swift; path = PictureDefinition.swift; sourceTree = "<group>"; };
		885A8A642A9A927C0028E8BF /* ArcDrawDocument.swift */ = {isa = PBXFileReference; fileEncoding = 4; lastKnownFileType = sourcecode.swift; path = ArcDrawDocument.swift; sourceTree = "<group>"; };
		C568E3E02A68755C00B63F6F /* ArcDraw.app */ = {isa = PBXFileReference; explicitFileType = wrapper.application; includeInIndex = 0; path = ArcDraw.app; sourceTree = BUILT_PRODUCTS_DIR; };
		C568E3E92A68755C00B63F6F /* ArcDraw.entitlements */ = {isa = PBXFileReference; lastKnownFileType = text.plist.entitlements; path = ArcDraw.entitlements; sourceTree = SOURCE_ROOT; };
/* End PBXFileReference section */

/* Begin PBXFrameworksBuildPhase section */
		C568E3DD2A68755C00B63F6F /* Frameworks */ = {
			isa = PBXFrameworksBuildPhase;
			buildActionMask = 2147483647;
			files = (
			);
			runOnlyForDeploymentPostprocessing = 0;
		};
/* End PBXFrameworksBuildPhase section */

/* Begin PBXGroup section */
		885A8A482A9A8D790028E8BF /* Sources */ = {
			isa = PBXGroup;
			children = (
				885A8A522A9A8E9B0028E8BF /* Controllers */,
				885A8A512A9A8E950028E8BF /* Views */,
				885A8A502A9A8E8C0028E8BF /* Models */,
				885A8A492A9A8D790028E8BF /* ArcDrawApp.swift */,
				885A8A5F2A9A8FE80028E8BF /* ArcDrawApp+Menu.swift */,
			);
			path = Sources;
			sourceTree = "<group>";
		};
		885A8A502A9A8E8C0028E8BF /* Models */ = {
			isa = PBXGroup;
			children = (
				885A8A642A9A927C0028E8BF /* ArcDrawDocument.swift */,
				885A8A632A9A927C0028E8BF /* PictureDefinition.swift */,
			);
			path = Models;
			sourceTree = "<group>";
		};
		885A8A512A9A8E950028E8BF /* Views */ = {
			isa = PBXGroup;
			children = (
				885A8A532A9A8F9B0028E8BF /* WelcomeHeaderView.swift */,
				885A8A562A9A8F9B0028E8BF /* WelcomeMainImageView.swift */,
				885A8A582A9A8F9C0028E8BF /* WelcomeMainInformationView.swift */,
				885A8A542A9A8F9B0028E8BF /* WelcomeMainView.swift */,
				885A8A552A9A8F9B0028E8BF /* WelcomeView.swift */,
				885A8A4A2A9A8D790028E8BF /* ContentView.swift */,
			);
			path = Views;
			sourceTree = "<group>";
		};
		885A8A522A9A8E9B0028E8BF /* Controllers */ = {
			isa = PBXGroup;
			children = (
				885A8A612A9A91CB0028E8BF /* WelcomeWindowController.swift */,
			);
			path = Controllers;
			sourceTree = "<group>";
		};
		C568E3D72A68755C00B63F6F = {
			isa = PBXGroup;
			children = (
				885A8A472A9A8D790028E8BF /* Assets.xcassets */,
				C568E3E92A68755C00B63F6F /* ArcDraw.entitlements */,
				885A8A462A9A8D790028E8BF /* DEV_NOTES.md */,
				885A8A452A9A8D790028E8BF /* README.md */,
				885A8A482A9A8D790028E8BF /* Sources */,
				C568E3E12A68755C00B63F6F /* Products */,
			);
			sourceTree = "<group>";
		};
		C568E3E12A68755C00B63F6F /* Products */ = {
			isa = PBXGroup;
			children = (
				C568E3E02A68755C00B63F6F /* ArcDraw.app */,
			);
			name = Products;
			sourceTree = "<group>";
		};
/* End PBXGroup section */

/* Begin PBXNativeTarget section */
		C568E3DF2A68755C00B63F6F /* ArcDraw */ = {
			isa = PBXNativeTarget;
			buildConfigurationList = C568E4052A68755D00B63F6F /* Build configuration list for PBXNativeTarget "ArcDraw" */;
			buildPhases = (
				C568E3DC2A68755C00B63F6F /* Sources */,
				C568E3DD2A68755C00B63F6F /* Frameworks */,
				C568E3DE2A68755C00B63F6F /* Resources */,
			);
			buildRules = (
			);
			dependencies = (
			);
			name = ArcDraw;
			productName = ArcDraw;
			productReference = C568E3E02A68755C00B63F6F /* ArcDraw.app */;
			productType = "com.apple.product-type.application";
		};
/* End PBXNativeTarget section */

/* Begin PBXProject section */
		C568E3D82A68755C00B63F6F /* Project object */ = {
			isa = PBXProject;
			attributes = {
				BuildIndependentTargetsInParallel = 1;
				LastSwiftUpdateCheck = 1430;
				LastUpgradeCheck = 1430;
				TargetAttributes = {
					C568E3DF2A68755C00B63F6F = {
						CreatedOnToolsVersion = 14.3.1;
					};
				};
			};
			buildConfigurationList = C568E3DB2A68755C00B63F6F /* Build configuration list for PBXProject "ArcDraw" */;
			compatibilityVersion = "Xcode 14.0";
			developmentRegion = en;
			hasScannedForEncodings = 0;
			knownRegions = (
				en,
				Base,
			);
			mainGroup = C568E3D72A68755C00B63F6F;
			productRefGroup = C568E3E12A68755C00B63F6F /* Products */;
			projectDirPath = "";
			projectRoot = "";
			targets = (
				C568E3DF2A68755C00B63F6F /* ArcDraw */,
			);
		};
/* End PBXProject section */

/* Begin PBXResourcesBuildPhase section */
		C568E3DE2A68755C00B63F6F /* Resources */ = {
			isa = PBXResourcesBuildPhase;
			buildActionMask = 2147483647;
			files = (
				885A8A4C2A9A8D790028E8BF /* DEV_NOTES.md in Resources */,
				885A8A4B2A9A8D790028E8BF /* README.md in Resources */,
				885A8A4D2A9A8D790028E8BF /* Assets.xcassets in Resources */,
			);
			runOnlyForDeploymentPostprocessing = 0;
		};
/* End PBXResourcesBuildPhase section */

/* Begin PBXSourcesBuildPhase section */
		C568E3DC2A68755C00B63F6F /* Sources */ = {
			isa = PBXSourcesBuildPhase;
			buildActionMask = 2147483647;
			files = (
				885A8A5C2A9A8F9C0028E8BF /* WelcomeMainImageView.swift in Sources */,
				885A8A662A9A927C0028E8BF /* ArcDrawDocument.swift in Sources */,
				885A8A5E2A9A8F9C0028E8BF /* WelcomeMainInformationView.swift in Sources */,
				885A8A5B2A9A8F9C0028E8BF /* WelcomeView.swift in Sources */,
				885A8A602A9A8FE80028E8BF /* ArcDrawApp+Menu.swift in Sources */,
				885A8A5A2A9A8F9C0028E8BF /* WelcomeMainView.swift in Sources */,
				885A8A622A9A91CB0028E8BF /* WelcomeWindowController.swift in Sources */,
				885A8A652A9A927C0028E8BF /* PictureDefinition.swift in Sources */,
				885A8A4F2A9A8D790028E8BF /* ContentView.swift in Sources */,
				885A8A4E2A9A8D790028E8BF /* ArcDrawApp.swift in Sources */,
				885A8A592A9A8F9C0028E8BF /* WelcomeHeaderView.swift in Sources */,
			);
			runOnlyForDeploymentPostprocessing = 0;
		};
/* End PBXSourcesBuildPhase section */

/* Begin XCBuildConfiguration section */
		C568E4032A68755D00B63F6F /* Debug */ = {
			isa = XCBuildConfiguration;
			buildSettings = {
				ALWAYS_SEARCH_USER_PATHS = NO;
				CLANG_ANALYZER_NONNULL = YES;
				CLANG_ANALYZER_NUMBER_OBJECT_CONVERSION = YES_AGGRESSIVE;
				CLANG_CXX_LANGUAGE_STANDARD = "gnu++20";
				CLANG_ENABLE_MODULES = YES;
				CLANG_ENABLE_OBJC_ARC = YES;
				CLANG_ENABLE_OBJC_WEAK = YES;
				CLANG_WARN_BLOCK_CAPTURE_AUTORELEASING = YES;
				CLANG_WARN_BOOL_CONVERSION = YES;
				CLANG_WARN_COMMA = YES;
				CLANG_WARN_CONSTANT_CONVERSION = YES;
				CLANG_WARN_DEPRECATED_OBJC_IMPLEMENTATIONS = YES;
				CLANG_WARN_DIRECT_OBJC_ISA_USAGE = YES_ERROR;
				CLANG_WARN_DOCUMENTATION_COMMENTS = YES;
				CLANG_WARN_EMPTY_BODY = YES;
				CLANG_WARN_ENUM_CONVERSION = YES;
				CLANG_WARN_INFINITE_RECURSION = YES;
				CLANG_WARN_INT_CONVERSION = YES;
				CLANG_WARN_NON_LITERAL_NULL_CONVERSION = YES;
				CLANG_WARN_OBJC_IMPLICIT_RETAIN_SELF = YES;
				CLANG_WARN_OBJC_LITERAL_CONVERSION = YES;
				CLANG_WARN_OBJC_ROOT_CLASS = YES_ERROR;
				CLANG_WARN_QUOTED_INCLUDE_IN_FRAMEWORK_HEADER = YES;
				CLANG_WARN_RANGE_LOOP_ANALYSIS = YES;
				CLANG_WARN_STRICT_PROTOTYPES = YES;
				CLANG_WARN_SUSPICIOUS_MOVE = YES;
				CLANG_WARN_UNGUARDED_AVAILABILITY = YES_AGGRESSIVE;
				CLANG_WARN_UNREACHABLE_CODE = YES;
				CLANG_WARN__DUPLICATE_METHOD_MATCH = YES;
				COPY_PHASE_STRIP = NO;
				DEBUG_INFORMATION_FORMAT = dwarf;
				ENABLE_STRICT_OBJC_MSGSEND = YES;
				ENABLE_TESTABILITY = YES;
				GCC_C_LANGUAGE_STANDARD = gnu11;
				GCC_DYNAMIC_NO_PIC = NO;
				GCC_NO_COMMON_BLOCKS = YES;
				GCC_OPTIMIZATION_LEVEL = 0;
				GCC_PREPROCESSOR_DEFINITIONS = (
					"DEBUG=1",
					"$(inherited)",
				);
				GCC_WARN_64_TO_32_BIT_CONVERSION = YES;
				GCC_WARN_ABOUT_RETURN_TYPE = YES_ERROR;
				GCC_WARN_UNDECLARED_SELECTOR = YES;
				GCC_WARN_UNINITIALIZED_AUTOS = YES_AGGRESSIVE;
				GCC_WARN_UNUSED_FUNCTION = YES;
				GCC_WARN_UNUSED_VARIABLE = YES;
				MTL_ENABLE_DEBUG_INFO = INCLUDE_SOURCE;
				MTL_FAST_MATH = YES;
				ONLY_ACTIVE_ARCH = YES;
				SWIFT_ACTIVE_COMPILATION_CONDITIONS = DEBUG;
				SWIFT_OPTIMIZATION_LEVEL = "-Onone";
			};
			name = Debug;
		};
		C568E4042A68755D00B63F6F /* Release */ = {
			isa = XCBuildConfiguration;
			buildSettings = {
				ALWAYS_SEARCH_USER_PATHS = NO;
				CLANG_ANALYZER_NONNULL = YES;
				CLANG_ANALYZER_NUMBER_OBJECT_CONVERSION = YES_AGGRESSIVE;
				CLANG_CXX_LANGUAGE_STANDARD = "gnu++20";
				CLANG_ENABLE_MODULES = YES;
				CLANG_ENABLE_OBJC_ARC = YES;
				CLANG_ENABLE_OBJC_WEAK = YES;
				CLANG_WARN_BLOCK_CAPTURE_AUTORELEASING = YES;
				CLANG_WARN_BOOL_CONVERSION = YES;
				CLANG_WARN_COMMA = YES;
				CLANG_WARN_CONSTANT_CONVERSION = YES;
				CLANG_WARN_DEPRECATED_OBJC_IMPLEMENTATIONS = YES;
				CLANG_WARN_DIRECT_OBJC_ISA_USAGE = YES_ERROR;
				CLANG_WARN_DOCUMENTATION_COMMENTS = YES;
				CLANG_WARN_EMPTY_BODY = YES;
				CLANG_WARN_ENUM_CONVERSION = YES;
				CLANG_WARN_INFINITE_RECURSION = YES;
				CLANG_WARN_INT_CONVERSION = YES;
				CLANG_WARN_NON_LITERAL_NULL_CONVERSION = YES;
				CLANG_WARN_OBJC_IMPLICIT_RETAIN_SELF = YES;
				CLANG_WARN_OBJC_LITERAL_CONVERSION = YES;
				CLANG_WARN_OBJC_ROOT_CLASS = YES_ERROR;
				CLANG_WARN_QUOTED_INCLUDE_IN_FRAMEWORK_HEADER = YES;
				CLANG_WARN_RANGE_LOOP_ANALYSIS = YES;
				CLANG_WARN_STRICT_PROTOTYPES = YES;
				CLANG_WARN_SUSPICIOUS_MOVE = YES;
				CLANG_WARN_UNGUARDED_AVAILABILITY = YES_AGGRESSIVE;
				CLANG_WARN_UNREACHABLE_CODE = YES;
				CLANG_WARN__DUPLICATE_METHOD_MATCH = YES;
				COPY_PHASE_STRIP = NO;
				DEBUG_INFORMATION_FORMAT = "dwarf-with-dsym";
				ENABLE_NS_ASSERTIONS = NO;
				ENABLE_STRICT_OBJC_MSGSEND = YES;
				GCC_C_LANGUAGE_STANDARD = gnu11;
				GCC_NO_COMMON_BLOCKS = YES;
				GCC_WARN_64_TO_32_BIT_CONVERSION = YES;
				GCC_WARN_ABOUT_RETURN_TYPE = YES_ERROR;
				GCC_WARN_UNDECLARED_SELECTOR = YES;
				GCC_WARN_UNINITIALIZED_AUTOS = YES_AGGRESSIVE;
				GCC_WARN_UNUSED_FUNCTION = YES;
				GCC_WARN_UNUSED_VARIABLE = YES;
				MTL_ENABLE_DEBUG_INFO = NO;
				MTL_FAST_MATH = YES;
				SWIFT_COMPILATION_MODE = wholemodule;
				SWIFT_OPTIMIZATION_LEVEL = "-O";
			};
			name = Release;
		};
		C568E4062A68755D00B63F6F /* Debug */ = {
			isa = XCBuildConfiguration;
			buildSettings = {
				ASSETCATALOG_COMPILER_APPICON_NAME = AppIcon;
				ASSETCATALOG_COMPILER_GLOBAL_ACCENT_COLOR_NAME = AccentColor;
				CODE_SIGN_ENTITLEMENTS = ArcDraw.entitlements;
				CODE_SIGN_STYLE = Automatic;
				CURRENT_PROJECT_VERSION = 1;
				DEVELOPMENT_ASSET_PATHS = "";
				DEVELOPMENT_TEAM = L3C8KXQ7DP;
				ENABLE_HARDENED_RUNTIME = YES;
				ENABLE_PREVIEWS = YES;
				GENERATE_INFOPLIST_FILE = YES;
				"INFOPLIST_KEY_UIApplicationSceneManifest_Generation[sdk=iphoneos*]" = YES;
				"INFOPLIST_KEY_UIApplicationSceneManifest_Generation[sdk=iphonesimulator*]" = YES;
				"INFOPLIST_KEY_UIApplicationSupportsIndirectInputEvents[sdk=iphoneos*]" = YES;
				"INFOPLIST_KEY_UIApplicationSupportsIndirectInputEvents[sdk=iphonesimulator*]" = YES;
				"INFOPLIST_KEY_UILaunchScreen_Generation[sdk=iphoneos*]" = YES;
				"INFOPLIST_KEY_UILaunchScreen_Generation[sdk=iphonesimulator*]" = YES;
				"INFOPLIST_KEY_UIStatusBarStyle[sdk=iphoneos*]" = UIStatusBarStyleDefault;
				"INFOPLIST_KEY_UIStatusBarStyle[sdk=iphonesimulator*]" = UIStatusBarStyleDefault;
				INFOPLIST_KEY_UISupportedInterfaceOrientations_iPad = "UIInterfaceOrientationPortrait UIInterfaceOrientationPortraitUpsideDown UIInterfaceOrientationLandscapeLeft UIInterfaceOrientationLandscapeRight";
				INFOPLIST_KEY_UISupportedInterfaceOrientations_iPhone = "UIInterfaceOrientationPortrait UIInterfaceOrientationLandscapeLeft UIInterfaceOrientationLandscapeRight";
				IPHONEOS_DEPLOYMENT_TARGET = 16.4;
				LD_RUNPATH_SEARCH_PATHS = "@executable_path/Frameworks";
				"LD_RUNPATH_SEARCH_PATHS[sdk=macosx*]" = "@executable_path/../Frameworks";
				MACOSX_DEPLOYMENT_TARGET = 13.3;
				MARKETING_VERSION = 1.0;
				PRODUCT_BUNDLE_IDENTIFIER = "Bruce-Johnson.ArcDraw";
				PRODUCT_NAME = "$(TARGET_NAME)";
				SDKROOT = auto;
				SUPPORTED_PLATFORMS = "iphoneos iphonesimulator macosx";
				SWIFT_EMIT_LOC_STRINGS = YES;
				SWIFT_VERSION = 5.0;
				TARGETED_DEVICE_FAMILY = "1,2";
			};
			name = Debug;
		};
		C568E4072A68755D00B63F6F /* Release */ = {
			isa = XCBuildConfiguration;
			buildSettings = {
				ASSETCATALOG_COMPILER_APPICON_NAME = AppIcon;
				ASSETCATALOG_COMPILER_GLOBAL_ACCENT_COLOR_NAME = AccentColor;
				CODE_SIGN_ENTITLEMENTS = ArcDraw.entitlements;
				CODE_SIGN_STYLE = Automatic;
				CURRENT_PROJECT_VERSION = 1;
				DEVELOPMENT_ASSET_PATHS = "";
				DEVELOPMENT_TEAM = L3C8KXQ7DP;
				ENABLE_HARDENED_RUNTIME = YES;
				ENABLE_PREVIEWS = YES;
				GENERATE_INFOPLIST_FILE = YES;
				"INFOPLIST_KEY_UIApplicationSceneManifest_Generation[sdk=iphoneos*]" = YES;
				"INFOPLIST_KEY_UIApplicationSceneManifest_Generation[sdk=iphonesimulator*]" = YES;
				"INFOPLIST_KEY_UIApplicationSupportsIndirectInputEvents[sdk=iphoneos*]" = YES;
				"INFOPLIST_KEY_UIApplicationSupportsIndirectInputEvents[sdk=iphonesimulator*]" = YES;
				"INFOPLIST_KEY_UILaunchScreen_Generation[sdk=iphoneos*]" = YES;
				"INFOPLIST_KEY_UILaunchScreen_Generation[sdk=iphonesimulator*]" = YES;
				"INFOPLIST_KEY_UIStatusBarStyle[sdk=iphoneos*]" = UIStatusBarStyleDefault;
				"INFOPLIST_KEY_UIStatusBarStyle[sdk=iphonesimulator*]" = UIStatusBarStyleDefault;
				INFOPLIST_KEY_UISupportedInterfaceOrientations_iPad = "UIInterfaceOrientationPortrait UIInterfaceOrientationPortraitUpsideDown UIInterfaceOrientationLandscapeLeft UIInterfaceOrientationLandscapeRight";
				INFOPLIST_KEY_UISupportedInterfaceOrientations_iPhone = "UIInterfaceOrientationPortrait UIInterfaceOrientationLandscapeLeft UIInterfaceOrientationLandscapeRight";
				IPHONEOS_DEPLOYMENT_TARGET = 16.4;
				LD_RUNPATH_SEARCH_PATHS = "@executable_path/Frameworks";
				"LD_RUNPATH_SEARCH_PATHS[sdk=macosx*]" = "@executable_path/../Frameworks";
				MACOSX_DEPLOYMENT_TARGET = 13.3;
				MARKETING_VERSION = 1.0;
				PRODUCT_BUNDLE_IDENTIFIER = "Bruce-Johnson.ArcDraw";
				PRODUCT_NAME = "$(TARGET_NAME)";
				SDKROOT = auto;
				SUPPORTED_PLATFORMS = "iphoneos iphonesimulator macosx";
				SWIFT_EMIT_LOC_STRINGS = YES;
				SWIFT_VERSION = 5.0;
				TARGETED_DEVICE_FAMILY = "1,2";
			};
			name = Release;
		};
/* End XCBuildConfiguration section */

/* Begin XCConfigurationList section */
		C568E3DB2A68755C00B63F6F /* Build configuration list for PBXProject "ArcDraw" */ = {
			isa = XCConfigurationList;
			buildConfigurations = (
				C568E4032A68755D00B63F6F /* Debug */,
				C568E4042A68755D00B63F6F /* Release */,
			);
			defaultConfigurationIsVisible = 0;
			defaultConfigurationName = Release;
		};
		C568E4052A68755D00B63F6F /* Build configuration list for PBXNativeTarget "ArcDraw" */ = {
			isa = XCConfigurationList;
			buildConfigurations = (
				C568E4062A68755D00B63F6F /* Debug */,
				C568E4072A68755D00B63F6F /* Release */,
			);
			defaultConfigurationIsVisible = 0;
			defaultConfigurationName = Release;
		};
/* End XCConfigurationList section */
	};
	rootObject = C568E3D82A68755C00B63F6F /* Project object */;
}
